// !$*UTF8*$!
{
	archiveVersion = 1;
	classes = {
	};
	objectVersion = 77;
	objects = {

/* Begin PBXContainerItemProxy section */
		FF83420F2E7729A0002248D5 /* PBXContainerItemProxy */ = {
			isa = PBXContainerItemProxy;
			containerPortal = FF8341F32E77299F002248D5 /* Project object */;
			proxyType = 1;
			remoteGlobalIDString = FF8341FA2E7729A0002248D5;
			remoteInfo = ColorHelperMacApp;
		};
		FF8342192E7729A1002248D5 /* PBXContainerItemProxy */ = {
			isa = PBXContainerItemProxy;
			containerPortal = FF8341F32E77299F002248D5 /* Project object */;
			proxyType = 1;
			remoteGlobalIDString = FF8341FA2E7729A0002248D5;
			remoteInfo = ColorHelperMacApp;
		};
/* End PBXContainerItemProxy section */

/* Begin PBXFileReference section */
		FF8341FB2E7729A0002248D5 /* ColorHelperMacApp.app */ = {isa = PBXFileReference; explicitFileType = wrapper.application; includeInIndex = 0; path = ColorHelperMacApp.app; sourceTree = BUILT_PRODUCTS_DIR; };
		FF83420E2E7729A0002248D5 /* ColorHelperMacAppTests.xctest */ = {isa = PBXFileReference; explicitFileType = wrapper.cfbundle; includeInIndex = 0; path = ColorHelperMacAppTests.xctest; sourceTree = BUILT_PRODUCTS_DIR; };
		FF8342182E7729A1002248D5 /* ColorHelperMacAppUITests.xctest */ = {isa = PBXFileReference; explicitFileType = wrapper.cfbundle; includeInIndex = 0; path = ColorHelperMacAppUITests.xctest; sourceTree = BUILT_PRODUCTS_DIR; };
/* End PBXFileReference section */

/* Begin PBXFileSystemSynchronizedRootGroup section */
		FF8341FD2E7729A0002248D5 /* ColorHelperMacApp */ = {
			isa = PBXFileSystemSynchronizedRootGroup;
			path = ColorHelperMacApp;
			sourceTree = "<group>";
		};
		FF8342112E7729A0002248D5 /* ColorHelperMacAppTests */ = {
			isa = PBXFileSystemSynchronizedRootGroup;
			path = ColorHelperMacAppTests;
			sourceTree = "<group>";
		};
		FF83421B2E7729A1002248D5 /* ColorHelperMacAppUITests */ = {
			isa = PBXFileSystemSynchronizedRootGroup;
			path = ColorHelperMacAppUITests;
			sourceTree = "<group>";
		};
/* End PBXFileSystemSynchronizedRootGroup section */

/* Begin PBXFrameworksBuildPhase section */
		FF8341F82E7729A0002248D5 /* Frameworks */ = {
			isa = PBXFrameworksBuildPhase;
			buildActionMask = 2147483647;
			files = (
			);
			runOnlyForDeploymentPostprocessing = 0;
		};
		FF83420B2E7729A0002248D5 /* Frameworks */ = {
			isa = PBXFrameworksBuildPhase;
			buildActionMask = 2147483647;
			files = (
			);
			runOnlyForDeploymentPostprocessing = 0;
		};
		FF8342152E7729A1002248D5 /* Frameworks */ = {
			isa = PBXFrameworksBuildPhase;
			buildActionMask = 2147483647;
			files = (
			);
			runOnlyForDeploymentPostprocessing = 0;
		};
/* End PBXFrameworksBuildPhase section */

/* Begin PBXGroup section */
		FF8341F22E77299F002248D5 = {
			isa = PBXGroup;
			children = (
				FF8341FD2E7729A0002248D5 /* ColorHelperMacApp */,
				FF8342112E7729A0002248D5 /* ColorHelperMacAppTests */,
				FF83421B2E7729A1002248D5 /* ColorHelperMacAppUITests */,
				FF8341FC2E7729A0002248D5 /* Products */,
			);
			sourceTree = "<group>";
		};
		FF8341FC2E7729A0002248D5 /* Products */ = {
			isa = PBXGroup;
			children = (
				FF8341FB2E7729A0002248D5 /* ColorHelperMacApp.app */,
				FF83420E2E7729A0002248D5 /* ColorHelperMacAppTests.xctest */,
				FF8342182E7729A1002248D5 /* ColorHelperMacAppUITests.xctest */,
			);
			name = Products;
			sourceTree = "<group>";
		};
/* End PBXGroup section */

/* Begin PBXNativeTarget section */
		FF8341FA2E7729A0002248D5 /* ColorHelperMacApp */ = {
			isa = PBXNativeTarget;
			buildConfigurationList = FF8342222E7729A1002248D5 /* Build configuration list for PBXNativeTarget "ColorHelperMacApp" */;
			buildPhases = (
				FF8341F72E7729A0002248D5 /* Sources */,
				FF8341F82E7729A0002248D5 /* Frameworks */,
				FF8341F92E7729A0002248D5 /* Resources */,
			);
			buildRules = (
			);
			dependencies = (
			);
			fileSystemSynchronizedGroups = (
				FF8341FD2E7729A0002248D5 /* ColorHelperMacApp */,
			);
			name = ColorHelperMacApp;
			packageProductDependencies = (
			);
			productName = ColorHelperMacApp;
			productReference = FF8341FB2E7729A0002248D5 /* ColorHelperMacApp.app */;
			productType = "com.apple.product-type.application";
		};
		FF83420D2E7729A0002248D5 /* ColorHelperMacAppTests */ = {
			isa = PBXNativeTarget;
			buildConfigurationList = FF8342252E7729A1002248D5 /* Build configuration list for PBXNativeTarget "ColorHelperMacAppTests" */;
			buildPhases = (
				FF83420A2E7729A0002248D5 /* Sources */,
				FF83420B2E7729A0002248D5 /* Frameworks */,
				FF83420C2E7729A0002248D5 /* Resources */,
			);
			buildRules = (
			);
			dependencies = (
				FF8342102E7729A0002248D5 /* PBXTargetDependency */,
			);
			fileSystemSynchronizedGroups = (
				FF8342112E7729A0002248D5 /* ColorHelperMacAppTests */,
			);
			name = ColorHelperMacAppTests;
			packageProductDependencies = (
			);
			productName = ColorHelperMacAppTests;
			productReference = FF83420E2E7729A0002248D5 /* ColorHelperMacAppTests.xctest */;
			productType = "com.apple.product-type.bundle.unit-test";
		};
		FF8342172E7729A1002248D5 /* ColorHelperMacAppUITests */ = {
			isa = PBXNativeTarget;
			buildConfigurationList = FF8342282E7729A1002248D5 /* Build configuration list for PBXNativeTarget "ColorHelperMacAppUITests" */;
			buildPhases = (
				FF8342142E7729A1002248D5 /* Sources */,
				FF8342152E7729A1002248D5 /* Frameworks */,
				FF8342162E7729A1002248D5 /* Resources */,
			);
			buildRules = (
			);
			dependencies = (
				FF83421A2E7729A1002248D5 /* PBXTargetDependency */,
			);
			fileSystemSynchronizedGroups = (
				FF83421B2E7729A1002248D5 /* ColorHelperMacAppUITests */,
			);
			name = ColorHelperMacAppUITests;
			packageProductDependencies = (
			);
			productName = ColorHelperMacAppUITests;
			productReference = FF8342182E7729A1002248D5 /* ColorHelperMacAppUITests.xctest */;
			productType = "com.apple.product-type.bundle.ui-testing";
		};
/* End PBXNativeTarget section */

/* Begin PBXProject section */
		FF8341F32E77299F002248D5 /* Project object */ = {
			isa = PBXProject;
			attributes = {
				BuildIndependentTargetsInParallel = 1;
				LastSwiftUpdateCheck = 1620;
				LastUpgradeCheck = 1620;
				TargetAttributes = {
					FF8341FA2E7729A0002248D5 = {
						CreatedOnToolsVersion = 16.2;
					};
					FF83420D2E7729A0002248D5 = {
						CreatedOnToolsVersion = 16.2;
						TestTargetID = FF8341FA2E7729A0002248D5;
					};
					FF8342172E7729A1002248D5 = {
						CreatedOnToolsVersion = 16.2;
						TestTargetID = FF8341FA2E7729A0002248D5;
					};
				};
			};
			buildConfigurationList = FF8341F62E77299F002248D5 /* Build configuration list for PBXProject "ColorHelperMacApp" */;
			developmentRegion = en;
			hasScannedForEncodings = 0;
			knownRegions = (
				en,
				Base,
			);
			mainGroup = FF8341F22E77299F002248D5;
			minimizedProjectReferenceProxies = 1;
			preferredProjectObjectVersion = 77;
			productRefGroup = FF8341FC2E7729A0002248D5 /* Products */;
			projectDirPath = "";
			projectRoot = "";
			targets = (
				FF8341FA2E7729A0002248D5 /* ColorHelperMacApp */,
				FF83420D2E7729A0002248D5 /* ColorHelperMacAppTests */,
				FF8342172E7729A1002248D5 /* ColorHelperMacAppUITests */,
			);
		};
/* End PBXProject section */

/* Begin PBXResourcesBuildPhase section */
		FF8341F92E7729A0002248D5 /* Resources */ = {
			isa = PBXResourcesBuildPhase;
			buildActionMask = 2147483647;
			files = (
			);
			runOnlyForDeploymentPostprocessing = 0;
		};
		FF83420C2E7729A0002248D5 /* Resources */ = {
			isa = PBXResourcesBuildPhase;
			buildActionMask = 2147483647;
			files = (
			);
			runOnlyForDeploymentPostprocessing = 0;
		};
		FF8342162E7729A1002248D5 /* Resources */ = {
			isa = PBXResourcesBuildPhase;
			buildActionMask = 2147483647;
			files = (
			);
			runOnlyForDeploymentPostprocessing = 0;
		};
/* End PBXResourcesBuildPhase section */

/* Begin PBXSourcesBuildPhase section */
		FF8341F72E7729A0002248D5 /* Sources */ = {
			isa = PBXSourcesBuildPhase;
			buildActionMask = 2147483647;
			files = (
			);
			runOnlyForDeploymentPostprocessing = 0;
		};
		FF83420A2E7729A0002248D5 /* Sources */ = {
			isa = PBXSourcesBuildPhase;
			buildActionMask = 2147483647;
			files = (
			);
			runOnlyForDeploymentPostprocessing = 0;
		};
		FF8342142E7729A1002248D5 /* Sources */ = {
			isa = PBXSourcesBuildPhase;
			buildActionMask = 2147483647;
			files = (
			);
			runOnlyForDeploymentPostprocessing = 0;
		};
/* End PBXSourcesBuildPhase section */

/* Begin PBXTargetDependency section */
		FF8342102E7729A0002248D5 /* PBXTargetDependency */ = {
			isa = PBXTargetDependency;
			target = FF8341FA2E7729A0002248D5 /* ColorHelperMacApp */;
			targetProxy = FF83420F2E7729A0002248D5 /* PBXContainerItemProxy */;
		};
		FF83421A2E7729A1002248D5 /* PBXTargetDependency */ = {
			isa = PBXTargetDependency;
			target = FF8341FA2E7729A0002248D5 /* ColorHelperMacApp */;
			targetProxy = FF8342192E7729A1002248D5 /* PBXContainerItemProxy */;
		};
/* End PBXTargetDependency section */

/* Begin XCBuildConfiguration section */
		FF8342202E7729A1002248D5 /* Debug */ = {
			isa = XCBuildConfiguration;
			buildSettings = {
				ALWAYS_SEARCH_USER_PATHS = NO;
				ASSETCATALOG_COMPILER_GENERATE_SWIFT_ASSET_SYMBOL_EXTENSIONS = YES;
				CLANG_ANALYZER_NONNULL = YES;
				CLANG_ANALYZER_NUMBER_OBJECT_CONVERSION = YES_AGGRESSIVE;
				CLANG_CXX_LANGUAGE_STANDARD = "gnu++20";
				CLANG_ENABLE_MODULES = YES;
				CLANG_ENABLE_OBJC_ARC = YES;
				CLANG_ENABLE_OBJC_WEAK = YES;
				CLANG_WARN_BLOCK_CAPTURE_AUTORELEASING = YES;
				CLANG_WARN_BOOL_CONVERSION = YES;
				CLANG_WARN_COMMA = YES;
				CLANG_WARN_CONSTANT_CONVERSION = YES;
				CLANG_WARN_DEPRECATED_OBJC_IMPLEMENTATIONS = YES;
				CLANG_WARN_DIRECT_OBJC_ISA_USAGE = YES_ERROR;
				CLANG_WARN_DOCUMENTATION_COMMENTS = YES;
				CLANG_WARN_EMPTY_BODY = YES;
				CLANG_WARN_ENUM_CONVERSION = YES;
				CLANG_WARN_INFINITE_RECURSION = YES;
				CLANG_WARN_INT_CONVERSION = YES;
				CLANG_WARN_NON_LITERAL_NULL_CONVERSION = YES;
				CLANG_WARN_OBJC_IMPLICIT_RETAIN_SELF = YES;
				CLANG_WARN_OBJC_LITERAL_CONVERSION = YES;
				CLANG_WARN_OBJC_ROOT_CLASS = YES_ERROR;
				CLANG_WARN_QUOTED_INCLUDE_IN_FRAMEWORK_HEADER = YES;
				CLANG_WARN_RANGE_LOOP_ANALYSIS = YES;
				CLANG_WARN_STRICT_PROTOTYPES = YES;
				CLANG_WARN_SUSPICIOUS_MOVE = YES;
				CLANG_WARN_UNGUARDED_AVAILABILITY = YES_AGGRESSIVE;
				CLANG_WARN_UNREACHABLE_CODE = YES;
				CLANG_WARN__DUPLICATE_METHOD_MATCH = YES;
				COPY_PHASE_STRIP = NO;
				DEBUG_INFORMATION_FORMAT = dwarf;
				ENABLE_STRICT_OBJC_MSGSEND = YES;
				ENABLE_TESTABILITY = YES;
				ENABLE_USER_SCRIPT_SANDBOXING = YES;
				GCC_C_LANGUAGE_STANDARD = gnu17;
				GCC_DYNAMIC_NO_PIC = NO;
				GCC_NO_COMMON_BLOCKS = YES;
				GCC_OPTIMIZATION_LEVEL = 0;
				GCC_PREPROCESSOR_DEFINITIONS = (
					"DEBUG=1",
					"$(inherited)",
				);
				GCC_WARN_64_TO_32_BIT_CONVERSION = YES;
				GCC_WARN_ABOUT_RETURN_TYPE = YES_ERROR;
				GCC_WARN_UNDECLARED_SELECTOR = YES;
				GCC_WARN_UNINITIALIZED_AUTOS = YES_AGGRESSIVE;
				GCC_WARN_UNUSED_FUNCTION = YES;
				GCC_WARN_UNUSED_VARIABLE = YES;
				LOCALIZATION_PREFERS_STRING_CATALOGS = YES;
				MACOSX_DEPLOYMENT_TARGET = 15.2;
				MTL_ENABLE_DEBUG_INFO = INCLUDE_SOURCE;
				MTL_FAST_MATH = YES;
				ONLY_ACTIVE_ARCH = YES;
				SDKROOT = macosx;
				SWIFT_ACTIVE_COMPILATION_CONDITIONS = "DEBUG $(inherited)";
				SWIFT_OPTIMIZATION_LEVEL = "-Onone";
			};
			name = Debug;
		};
		FF8342212E7729A1002248D5 /* Release */ = {
			isa = XCBuildConfiguration;
			buildSettings = {
				ALWAYS_SEARCH_USER_PATHS = NO;
				ASSETCATALOG_COMPILER_GENERATE_SWIFT_ASSET_SYMBOL_EXTENSIONS = YES;
				CLANG_ANALYZER_NONNULL = YES;
				CLANG_ANALYZER_NUMBER_OBJECT_CONVERSION = YES_AGGRESSIVE;
				CLANG_CXX_LANGUAGE_STANDARD = "gnu++20";
				CLANG_ENABLE_MODULES = YES;
				CLANG_ENABLE_OBJC_ARC = YES;
				CLANG_ENABLE_OBJC_WEAK = YES;
				CLANG_WARN_BLOCK_CAPTURE_AUTORELEASING = YES;
				CLANG_WARN_BOOL_CONVERSION = YES;
				CLANG_WARN_COMMA = YES;
				CLANG_WARN_CONSTANT_CONVERSION = YES;
				CLANG_WARN_DEPRECATED_OBJC_IMPLEMENTATIONS = YES;
				CLANG_WARN_DIRECT_OBJC_ISA_USAGE = YES_ERROR;
				CLANG_WARN_DOCUMENTATION_COMMENTS = YES;
				CLANG_WARN_EMPTY_BODY = YES;
				CLANG_WARN_ENUM_CONVERSION = YES;
				CLANG_WARN_INFINITE_RECURSION = YES;
				CLANG_WARN_INT_CONVERSION = YES;
				CLANG_WARN_NON_LITERAL_NULL_CONVERSION = YES;
				CLANG_WARN_OBJC_IMPLICIT_RETAIN_SELF = YES;
				CLANG_WARN_OBJC_LITERAL_CONVERSION = YES;
				CLANG_WARN_OBJC_ROOT_CLASS = YES_ERROR;
				CLANG_WARN_QUOTED_INCLUDE_IN_FRAMEWORK_HEADER = YES;
				CLANG_WARN_RANGE_LOOP_ANALYSIS = YES;
				CLANG_WARN_STRICT_PROTOTYPES = YES;
				CLANG_WARN_SUSPICIOUS_MOVE = YES;
				CLANG_WARN_UNGUARDED_AVAILABILITY = YES_AGGRESSIVE;
				CLANG_WARN_UNREACHABLE_CODE = YES;
				CLANG_WARN__DUPLICATE_METHOD_MATCH = YES;
				COPY_PHASE_STRIP = NO;
				DEBUG_INFORMATION_FORMAT = "dwarf-with-dsym";
				ENABLE_NS_ASSERTIONS = NO;
				ENABLE_STRICT_OBJC_MSGSEND = YES;
				ENABLE_USER_SCRIPT_SANDBOXING = YES;
				GCC_C_LANGUAGE_STANDARD = gnu17;
				GCC_NO_COMMON_BLOCKS = YES;
				GCC_WARN_64_TO_32_BIT_CONVERSION = YES;
				GCC_WARN_ABOUT_RETURN_TYPE = YES_ERROR;
				GCC_WARN_UNDECLARED_SELECTOR = YES;
				GCC_WARN_UNINITIALIZED_AUTOS = YES_AGGRESSIVE;
				GCC_WARN_UNUSED_FUNCTION = YES;
				GCC_WARN_UNUSED_VARIABLE = YES;
				LOCALIZATION_PREFERS_STRING_CATALOGS = YES;
				MACOSX_DEPLOYMENT_TARGET = 15.2;
				MTL_ENABLE_DEBUG_INFO = NO;
				MTL_FAST_MATH = YES;
				SDKROOT = macosx;
				SWIFT_COMPILATION_MODE = wholemodule;
			};
			name = Release;
		};
		FF8342232E7729A1002248D5 /* Debug */ = {
			isa = XCBuildConfiguration;
			buildSettings = {
				ASSETCATALOG_COMPILER_APPICON_NAME = AppIcon;
				ASSETCATALOG_COMPILER_GLOBAL_ACCENT_COLOR_NAME = AccentColor;
				CODE_SIGN_ENTITLEMENTS = ColorHelperMacApp/ColorHelperMacApp.entitlements;
				CODE_SIGN_STYLE = Automatic;
				COMBINE_HIDPI_IMAGES = YES;
				CURRENT_PROJECT_VERSION = 1;
				DEVELOPMENT_ASSET_PATHS = "\"ColorHelperMacApp/Preview Content\"";
				DEVELOPMENT_TEAM = 86R85PVKWT;
				ENABLE_HARDENED_RUNTIME = YES;
				ENABLE_PREVIEWS = YES;
				GENERATE_INFOPLIST_FILE = YES;
				INFOPLIST_KEY_NSHumanReadableCopyright = "";
				LD_RUNPATH_SEARCH_PATHS = (
					"$(inherited)",
					"@executable_path/../Frameworks",
				);
				MACOSX_DEPLOYMENT_TARGET = 14.0;
				MARKETING_VERSION = 1.0;
				PRODUCT_BUNDLE_IDENTIFIER = com.steven58.color.helper.ColorHelperMacApp;
				PRODUCT_NAME = "$(TARGET_NAME)";
				SWIFT_EMIT_LOC_STRINGS = YES;
				SWIFT_VERSION = 5.0;
			};
			name = Debug;
		};
		FF8342242E7729A1002248D5 /* Release */ = {
			isa = XCBuildConfiguration;
			buildSettings = {
				ASSETCATALOG_COMPILER_APPICON_NAME = AppIcon;
				ASSETCATALOG_COMPILER_GLOBAL_ACCENT_COLOR_NAME = AccentColor;
				CODE_SIGN_ENTITLEMENTS = ColorHelperMacApp/ColorHelperMacApp.entitlements;
				CODE_SIGN_STYLE = Automatic;
				COMBINE_HIDPI_IMAGES = YES;
				CURRENT_PROJECT_VERSION = 1;
				DEVELOPMENT_ASSET_PATHS = "\"ColorHelperMacApp/Preview Content\"";
				DEVELOPMENT_TEAM = 86R85PVKWT;
				ENABLE_HARDENED_RUNTIME = YES;
				ENABLE_PREVIEWS = YES;
				GENERATE_INFOPLIST_FILE = YES;
				INFOPLIST_KEY_NSHumanReadableCopyright = "";
				LD_RUNPATH_SEARCH_PATHS = (
					"$(inherited)",
					"@executable_path/../Frameworks",
				);
				MACOSX_DEPLOYMENT_TARGET = 14.0;
				MARKETING_VERSION = 1.0;
				PRODUCT_BUNDLE_IDENTIFIER = com.steven58.color.helper.ColorHelperMacApp;
				PRODUCT_NAME = "$(TARGET_NAME)";
				SWIFT_EMIT_LOC_STRINGS = YES;
				SWIFT_VERSION = 5.0;
			};
			name = Release;
		};
		FF8342262E7729A1002248D5 /* Debug */ = {
			isa = XCBuildConfiguration;
			buildSettings = {
				BUNDLE_LOADER = "$(TEST_HOST)";
				CODE_SIGN_STYLE = Automatic;
				CURRENT_PROJECT_VERSION = 1;
				DEVELOPMENT_TEAM = 86R85PVKWT;
				GENERATE_INFOPLIST_FILE = YES;
				MACOSX_DEPLOYMENT_TARGET = 14.0;
				MARKETING_VERSION = 1.0;
				PRODUCT_BUNDLE_IDENTIFIER = com.steven58.color.helper.ColorHelperMacAppTests;
				PRODUCT_NAME = "$(TARGET_NAME)";
				SWIFT_EMIT_LOC_STRINGS = NO;
				SWIFT_VERSION = 5.0;
				TEST_HOST = "$(BUILT_PRODUCTS_DIR)/ColorHelperMacApp.app/$(BUNDLE_EXECUTABLE_FOLDER_PATH)/ColorHelperMacApp";
			};
			name = Debug;
		};
		FF8342272E7729A1002248D5 /* Release */ = {
			isa = XCBuildConfiguration;
			buildSettings = {
				BUNDLE_LOADER = "$(TEST_HOST)";
				CODE_SIGN_STYLE = Automatic;
				CURRENT_PROJECT_VERSION = 1;
				DEVELOPMENT_TEAM = 86R85PVKWT;
				GENERATE_INFOPLIST_FILE = YES;
				MACOSX_DEPLOYMENT_TARGET = 14.0;
				MARKETING_VERSION = 1.0;
				PRODUCT_BUNDLE_IDENTIFIER = com.steven58.color.helper.ColorHelperMacAppTests;
				PRODUCT_NAME = "$(TARGET_NAME)";
				SWIFT_EMIT_LOC_STRINGS = NO;
				SWIFT_VERSION = 5.0;
				TEST_HOST = "$(BUILT_PRODUCTS_DIR)/ColorHelperMacApp.app/$(BUNDLE_EXECUTABLE_FOLDER_PATH)/ColorHelperMacApp";
			};
			name = Release;
		};
		FF8342292E7729A1002248D5 /* Debug */ = {
			isa = XCBuildConfiguration;
			buildSettings = {
				CODE_SIGN_STYLE = Automatic;
				CURRENT_PROJECT_VERSION = 1;
				DEVELOPMENT_TEAM = 86R85PVKWT;
				GENERATE_INFOPLIST_FILE = YES;
				MARKETING_VERSION = 1.0;
				PRODUCT_BUNDLE_IDENTIFIER = com.steven58.color.helper.ColorHelperMacAppUITests;
				PRODUCT_NAME = "$(TARGET_NAME)";
				SWIFT_EMIT_LOC_STRINGS = NO;
				SWIFT_VERSION = 5.0;
				TEST_TARGET_NAME = ColorHelperMacApp;
			};
			name = Debug;
		};
		FF83422A2E7729A1002248D5 /* Release */ = {
			isa = XCBuildConfiguration;
			buildSettings = {
				CODE_SIGN_STYLE = Automatic;
				CURRENT_PROJECT_VERSION = 1;
				DEVELOPMENT_TEAM = 86R85PVKWT;
				GENERATE_INFOPLIST_FILE = YES;
				MARKETING_VERSION = 1.0;
				PRODUCT_BUNDLE_IDENTIFIER = com.steven58.color.helper.ColorHelperMacAppUITests;
				PRODUCT_NAME = "$(TARGET_NAME)";
				SWIFT_EMIT_LOC_STRINGS = NO;
				SWIFT_VERSION = 5.0;
				TEST_TARGET_NAME = ColorHelperMacApp;
			};
			name = Release;
		};
/* End XCBuildConfiguration section */

/* Begin XCConfigurationList section */
		FF8341F62E77299F002248D5 /* Build configuration list for PBXProject "ColorHelperMacApp" */ = {
			isa = XCConfigurationList;
			buildConfigurations = (
				FF8342202E7729A1002248D5 /* Debug */,
				FF8342212E7729A1002248D5 /* Release */,
			);
			defaultConfigurationIsVisible = 0;
			defaultConfigurationName = Release;
		};
		FF8342222E7729A1002248D5 /* Build configuration list for PBXNativeTarget "ColorHelperMacApp" */ = {
			isa = XCConfigurationList;
			buildConfigurations = (
				FF8342232E7729A1002248D5 /* Debug */,
				FF8342242E7729A1002248D5 /* Release */,
			);
			defaultConfigurationIsVisible = 0;
			defaultConfigurationName = Release;
		};
		FF8342252E7729A1002248D5 /* Build configuration list for PBXNativeTarget "ColorHelperMacAppTests" */ = {
			isa = XCConfigurationList;
			buildConfigurations = (
				FF8342262E7729A1002248D5 /* Debug */,
				FF8342272E7729A1002248D5 /* Release */,
			);
			defaultConfigurationIsVisible = 0;
			defaultConfigurationName = Release;
		};
		FF8342282E7729A1002248D5 /* Build configuration list for PBXNativeTarget "ColorHelperMacAppUITests" */ = {
			isa = XCConfigurationList;
			buildConfigurations = (
				FF8342292E7729A1002248D5 /* Debug */,
				FF83422A2E7729A1002248D5 /* Release */,
			);
			defaultConfigurationIsVisible = 0;
			defaultConfigurationName = Release;
		};
/* End XCConfigurationList section */
	};
	rootObject = FF8341F32E77299F002248D5 /* Project object */;
}
